// !$*UTF8*$!
{
	archiveVersion = 1;
	classes = {
	};
	objectVersion = 46;
	objects = {

/* Begin PBXBuildFile section */
		675EF1CD198DD0FC00A0EA23 /* OpenCL.framework in Frameworks */ = {isa = PBXBuildFile; fileRef = 675EF1CC198DD0FC00A0EA23 /* OpenCL.framework */; };
		675EF1CE198DD14200A0EA23 /* mykernel.cl in Sources */ = {isa = PBXBuildFile; fileRef = 675EF1BC198DC87A00A0EA23 /* mykernel.cl */; };
		675EF1CF198DD14200A0EA23 /* main.cpp in Sources */ = {isa = PBXBuildFile; fileRef = 675EF1BB198DC85A00A0EA23 /* main.cpp */; };
		675EF1D4198EAC0800A0EA23 /* utils.cpp in Sources */ = {isa = PBXBuildFile; fileRef = 675EF1D3198EAC0800A0EA23 /* utils.cpp */; };
		675EF1D7198EB5BA00A0EA23 /* cl_platform.cpp in Sources */ = {isa = PBXBuildFile; fileRef = 675EF1D6198EB5BA00A0EA23 /* cl_platform.cpp */; };
		675EF1DA198EB96C00A0EA23 /* cl_device.cpp in Sources */ = {isa = PBXBuildFile; fileRef = 675EF1D9198EB96C00A0EA23 /* cl_device.cpp */; };
/* End PBXBuildFile section */

/* Begin PBXCopyFilesBuildPhase section */
		675EF1BF198DD09B00A0EA23 /* CopyFiles */ = {
			isa = PBXCopyFilesBuildPhase;
			buildActionMask = 2147483647;
			dstPath = /usr/share/man/man1/;
			dstSubfolderSpec = 0;
			files = (
			);
			runOnlyForDeploymentPostprocessing = 1;
		};
/* End PBXCopyFilesBuildPhase section */

/* Begin PBXFileReference section */
		675EF1BB198DC85A00A0EA23 /* main.cpp */ = {isa = PBXFileReference; lastKnownFileType = sourcecode.cpp.cpp; path = main.cpp; sourceTree = "<group>"; };
		675EF1BC198DC87A00A0EA23 /* mykernel.cl */ = {isa = PBXFileReference; lastKnownFileType = sourcecode.opencl; path = mykernel.cl; sourceTree = "<group>"; };
		675EF1C1198DD09B00A0EA23 /* Arithmetic */ = {isa = PBXFileReference; explicitFileType = "compiled.mach-o.executable"; includeInIndex = 0; path = Arithmetic; sourceTree = BUILT_PRODUCTS_DIR; };
		675EF1CC198DD0FC00A0EA23 /* OpenCL.framework */ = {isa = PBXFileReference; lastKnownFileType = wrapper.framework; name = OpenCL.framework; path = System/Library/Frameworks/OpenCL.framework; sourceTree = SDKROOT; };
		675EF1D1198DDD2A00A0EA23 /* Metrics.h */ = {isa = PBXFileReference; lastKnownFileType = sourcecode.c.h; path = Metrics.h; sourceTree = "<group>"; };
		675EF1D2198EABF600A0EA23 /* utils.h */ = {isa = PBXFileReference; lastKnownFileType = sourcecode.c.h; path = utils.h; sourceTree = "<group>"; };
		675EF1D3198EAC0800A0EA23 /* utils.cpp */ = {isa = PBXFileReference; fileEncoding = 4; lastKnownFileType = sourcecode.cpp.cpp; path = utils.cpp; sourceTree = "<group>"; };
		675EF1D5198EB36D00A0EA23 /* cl_platform.h */ = {isa = PBXFileReference; lastKnownFileType = sourcecode.c.h; path = cl_platform.h; sourceTree = "<group>"; };
		675EF1D6198EB5BA00A0EA23 /* cl_platform.cpp */ = {isa = PBXFileReference; fileEncoding = 4; lastKnownFileType = sourcecode.cpp.cpp; path = cl_platform.cpp; sourceTree = "<group>"; };
		675EF1D8198EB92000A0EA23 /* cl_device.h */ = {isa = PBXFileReference; lastKnownFileType = sourcecode.c.h; path = cl_device.h; sourceTree = "<group>"; };
		675EF1D9198EB96C00A0EA23 /* cl_device.cpp */ = {isa = PBXFileReference; fileEncoding = 4; lastKnownFileType = sourcecode.cpp.cpp; path = cl_device.cpp; sourceTree = "<group>"; };
/* End PBXFileReference section */

/* Begin PBXFrameworksBuildPhase section */
		675EF1BE198DD09B00A0EA23 /* Frameworks */ = {
			isa = PBXFrameworksBuildPhase;
			buildActionMask = 2147483647;
			files = (
				675EF1CD198DD0FC00A0EA23 /* OpenCL.framework in Frameworks */,
			);
			runOnlyForDeploymentPostprocessing = 0;
		};
/* End PBXFrameworksBuildPhase section */

/* Begin PBXGroup section */
		675EF1B3198DC7CC00A0EA23 = {
			isa = PBXGroup;
			children = (
				675EF1CC198DD0FC00A0EA23 /* OpenCL.framework */,
				675EF1D0198DDCFF00A0EA23 /* Headers */,
				675EF1CB198DD0C900A0EA23 /* Source */,
				675EF1C2198DD09B00A0EA23 /* Products */,
			);
			sourceTree = "<group>";
		};
		675EF1C2198DD09B00A0EA23 /* Products */ = {
			isa = PBXGroup;
			children = (
				675EF1C1198DD09B00A0EA23 /* Arithmetic */,
			);
			name = Products;
			sourceTree = "<group>";
		};
		675EF1CB198DD0C900A0EA23 /* Source */ = {
			isa = PBXGroup;
			children = (
				675EF1BC198DC87A00A0EA23 /* mykernel.cl */,
				675EF1BB198DC85A00A0EA23 /* main.cpp */,
				675EF1D3198EAC0800A0EA23 /* utils.cpp */,
				675EF1D6198EB5BA00A0EA23 /* cl_platform.cpp */,
				675EF1D9198EB96C00A0EA23 /* cl_device.cpp */,
			);
			name = Source;
			sourceTree = "<group>";
		};
		675EF1D0198DDCFF00A0EA23 /* Headers */ = {
			isa = PBXGroup;
			children = (
				675EF1D1198DDD2A00A0EA23 /* Metrics.h */,
				675EF1D2198EABF600A0EA23 /* utils.h */,
				675EF1D5198EB36D00A0EA23 /* cl_platform.h */,
				675EF1D8198EB92000A0EA23 /* cl_device.h */,
			);
			name = Headers;
			sourceTree = "<group>";
		};
/* End PBXGroup section */

/* Begin PBXNativeTarget section */
		675EF1C0198DD09B00A0EA23 /* Arithmetic */ = {
			isa = PBXNativeTarget;
			buildConfigurationList = 675EF1C8198DD09B00A0EA23 /* Build configuration list for PBXNativeTarget "Arithmetic" */;
			buildPhases = (
				675EF1BD198DD09B00A0EA23 /* Sources */,
				675EF1BE198DD09B00A0EA23 /* Frameworks */,
				675EF1BF198DD09B00A0EA23 /* CopyFiles */,
			);
			buildRules = (
			);
			dependencies = (
			);
			name = Arithmetic;
			productName = Arithmetic;
			productReference = 675EF1C1198DD09B00A0EA23 /* Arithmetic */;
			productType = "com.apple.product-type.tool";
		};
/* End PBXNativeTarget section */

/* Begin PBXProject section */
		675EF1B4198DC7CC00A0EA23 /* Project object */ = {
			isa = PBXProject;
			attributes = {
				LastUpgradeCheck = 0510;
			};
			buildConfigurationList = 675EF1B7198DC7CC00A0EA23 /* Build configuration list for PBXProject "Microbenchmarks" */;
			compatibilityVersion = "Xcode 3.2";
			developmentRegion = English;
			hasScannedForEncodings = 0;
			knownRegions = (
				en,
			);
			mainGroup = 675EF1B3198DC7CC00A0EA23;
			productRefGroup = 675EF1C2198DD09B00A0EA23 /* Products */;
			projectDirPath = "";
			projectRoot = "";
			targets = (
				675EF1C0198DD09B00A0EA23 /* Arithmetic */,
			);
		};
/* End PBXProject section */

/* Begin PBXSourcesBuildPhase section */
		675EF1BD198DD09B00A0EA23 /* Sources */ = {
			isa = PBXSourcesBuildPhase;
			buildActionMask = 2147483647;
			files = (
				675EF1D4198EAC0800A0EA23 /* utils.cpp in Sources */,
				675EF1CE198DD14200A0EA23 /* mykernel.cl in Sources */,
				675EF1DA198EB96C00A0EA23 /* cl_device.cpp in Sources */,
				675EF1CF198DD14200A0EA23 /* main.cpp in Sources */,
				675EF1D7198EB5BA00A0EA23 /* cl_platform.cpp in Sources */,
			);
			runOnlyForDeploymentPostprocessing = 0;
		};
/* End PBXSourcesBuildPhase section */

/* Begin XCBuildConfiguration section */
		675EF1B8198DC7CC00A0EA23 /* Debug */ = {
			isa = XCBuildConfiguration;
			buildSettings = {
				OPENCL_FAST_RELAXED_MATH = NO;
			};
			name = Debug;
		};
		675EF1B9198DC7CC00A0EA23 /* Release */ = {
			isa = XCBuildConfiguration;
			buildSettings = {
				OPENCL_FAST_RELAXED_MATH = NO;
			};
			name = Release;
		};
		675EF1C9198DD09B00A0EA23 /* Debug */ = {
			isa = XCBuildConfiguration;
			buildSettings = {
				ALWAYS_SEARCH_USER_PATHS = NO;
				CLANG_CXX_LANGUAGE_STANDARD = "gnu++0x";
				CLANG_CXX_LIBRARY = "libc++";
				CLANG_ENABLE_MODULES = YES;
				CLANG_ENABLE_OBJC_ARC = YES;
				CLANG_WARN_BOOL_CONVERSION = YES;
				CLANG_WARN_CONSTANT_CONVERSION = YES;
				CLANG_WARN_DIRECT_OBJC_ISA_USAGE = YES_ERROR;
				CLANG_WARN_EMPTY_BODY = YES;
				CLANG_WARN_ENUM_CONVERSION = YES;
				CLANG_WARN_INT_CONVERSION = YES;
				CLANG_WARN_OBJC_ROOT_CLASS = YES_ERROR;
				CLANG_WARN__DUPLICATE_METHOD_MATCH = YES;
				COPY_PHASE_STRIP = NO;
				GCC_C_LANGUAGE_STANDARD = gnu99;
				GCC_DYNAMIC_NO_PIC = NO;
				GCC_ENABLE_OBJC_EXCEPTIONS = YES;
				GCC_OPTIMIZATION_LEVEL = 0;
				GCC_PREPROCESSOR_DEFINITIONS = (
					"DEBUG=1",
					"$(inherited)",
					"PROFILE_RUN=1",
				);
				GCC_SYMBOLS_PRIVATE_EXTERN = NO;
				GCC_WARN_64_TO_32_BIT_CONVERSION = YES;
				GCC_WARN_ABOUT_RETURN_TYPE = YES_ERROR;
				GCC_WARN_UNDECLARED_SELECTOR = YES;
				GCC_WARN_UNINITIALIZED_AUTOS = YES_AGGRESSIVE;
				GCC_WARN_UNUSED_FUNCTION = YES;
				GCC_WARN_UNUSED_VARIABLE = YES;
				MACOSX_DEPLOYMENT_TARGET = 10.9;
				ONLY_ACTIVE_ARCH = YES;
				PRODUCT_NAME = "$(TARGET_NAME)";
				SDKROOT = macosx;
			};
			name = Debug;
		};
		675EF1CA198DD09B00A0EA23 /* Release */ = {
			isa = XCBuildConfiguration;
			buildSettings = {
				ALWAYS_SEARCH_USER_PATHS = NO;
				CLANG_CXX_LANGUAGE_STANDARD = "gnu++0x";
				CLANG_CXX_LIBRARY = "libc++";
				CLANG_ENABLE_MODULES = YES;
				CLANG_ENABLE_OBJC_ARC = YES;
				CLANG_WARN_BOOL_CONVERSION = YES;
				CLANG_WARN_CONSTANT_CONVERSION = YES;
				CLANG_WARN_DIRECT_OBJC_ISA_USAGE = YES_ERROR;
				CLANG_WARN_EMPTY_BODY = YES;
				CLANG_WARN_ENUM_CONVERSION = YES;
				CLANG_WARN_INT_CONVERSION = YES;
				CLANG_WARN_OBJC_ROOT_CLASS = YES_ERROR;
				CLANG_WARN__DUPLICATE_METHOD_MATCH = YES;
				COPY_PHASE_STRIP = YES;
				DEBUG_INFORMATION_FORMAT = "dwarf-with-dsym";
				ENABLE_NS_ASSERTIONS = NO;
				GCC_C_LANGUAGE_STANDARD = gnu99;
				GCC_ENABLE_OBJC_EXCEPTIONS = YES;
				GCC_PREPROCESSOR_DEFINITIONS = "PROFILE_RUN=1";
				"GCC_PREPROCESSOR_DEFINITIONS[arch=*]" = "";
				GCC_WARN_64_TO_32_BIT_CONVERSION = YES;
				GCC_WARN_ABOUT_RETURN_TYPE = YES_ERROR;
				GCC_WARN_UNDECLARED_SELECTOR = YES;
				GCC_WARN_UNINITIALIZED_AUTOS = YES_AGGRESSIVE;
				GCC_WARN_UNUSED_FUNCTION = YES;
				GCC_WARN_UNUSED_VARIABLE = YES;
				MACOSX_DEPLOYMENT_TARGET = 10.9;
				ONLY_ACTIVE_ARCH = YES;
				PRODUCT_NAME = "$(TARGET_NAME)";
				SDKROOT = macosx;
			};
			name = Release;
		};
/* End XCBuildConfiguration section */

/* Begin XCConfigurationList section */
		675EF1B7198DC7CC00A0EA23 /* Build configuration list for PBXProject "Microbenchmarks" */ = {
			isa = XCConfigurationList;
			buildConfigurations = (
				675EF1B8198DC7CC00A0EA23 /* Debug */,
				675EF1B9198DC7CC00A0EA23 /* Release */,
			);
			defaultConfigurationIsVisible = 0;
			defaultConfigurationName = Release;
		};
		675EF1C8198DD09B00A0EA23 /* Build configuration list for PBXNativeTarget "Arithmetic" */ = {
			isa = XCConfigurationList;
			buildConfigurations = (
				675EF1C9198DD09B00A0EA23 /* Debug */,
				675EF1CA198DD09B00A0EA23 /* Release */,
			);
			defaultConfigurationIsVisible = 0;
			defaultConfigurationName = Release;
		};
/* End XCConfigurationList section */
	};
	rootObject = 675EF1B4198DC7CC00A0EA23 /* Project object */;
}
